
Microsoft Visual Studio Solution File, Format Version 12.00
# Visual Studio Version 16
VisualStudioVersion = 16.0.31624.102
MinimumVisualStudioVersion = 10.0.40219.1
Project("{FAE04EC0-301F-11D3-BF4B-00C04F79EFBC}") = "Mood_Analyzer_Problem", "Mood_Analyzer_Problem\Mood_Analyzer_Problem.csproj", "{299E1E8F-746F-4366-8944-A0FBD30F2A37}"
EndProject
Project("{FAE04EC0-301F-11D3-BF4B-00C04F79EFBC}") = "MsTestforMoodAnalyzer", "MsTestforMoodAnalyzer\MsTestforMoodAnalyzer.csproj", "{4938178A-BF15-4941-AB90-D54144C09FD4}"
EndProject
Global
	GlobalSection(SolutionConfigurationPlatforms) = preSolution
		Debug|Any CPU = Debug|Any CPU
		Release|Any CPU = Release|Any CPU
	EndGlobalSection
	GlobalSection(ProjectConfigurationPlatforms) = postSolution
		{299E1E8F-746F-4366-8944-A0FBD30F2A37}.Debug|Any CPU.ActiveCfg = Debug|Any CPU
		{299E1E8F-746F-4366-8944-A0FBD30F2A37}.Debug|Any CPU.Build.0 = Debug|Any CPU
		{299E1E8F-746F-4366-8944-A0FBD30F2A37}.Release|Any CPU.ActiveCfg = Release|Any CPU
		{299E1E8F-746F-4366-8944-A0FBD30F2A37}.Release|Any CPU.Build.0 = Release|Any CPU
		{4938178A-BF15-4941-AB90-D54144C09FD4}.Debug|Any CPU.ActiveCfg = Debug|Any CPU
		{4938178A-BF15-4941-AB90-D54144C09FD4}.Debug|Any CPU.Build.0 = Debug|Any CPU
		{4938178A-BF15-4941-AB90-D54144C09FD4}.Release|Any CPU.ActiveCfg = Release|Any CPU
		{4938178A-BF15-4941-AB90-D54144C09FD4}.Release|Any CPU.Build.0 = Release|Any CPU
	EndGlobalSection
	GlobalSection(SolutionProperties) = preSolution
		HideSolutionNode = FALSE
	EndGlobalSection
	GlobalSection(ExtensibilityGlobals) = postSolution
		SolutionGuid = {04081EEF-8B49-4986-AA09-8A2137A792B7}
	EndGlobalSection
EndGlobal
